// !$*UTF8*$!
{
	archiveVersion = 1;
	classes = {
	};
	objectVersion = 46;
	objects = {

/* Begin PBXBuildFile section */
		112364E81C3A643E00CE8F39 /* DetailView.m in Sources */ = {isa = PBXBuildFile; fileRef = 112364E71C3A643E00CE8F39 /* DetailView.m */; };
		117D10A91C32F5D60082295E /* main.m in Sources */ = {isa = PBXBuildFile; fileRef = 117D10A81C32F5D60082295E /* main.m */; };
		117D10AC1C32F5D60082295E /* AppDelegate.m in Sources */ = {isa = PBXBuildFile; fileRef = 117D10AB1C32F5D60082295E /* AppDelegate.m */; };
		117D10B21C32F5D60082295E /* Main.storyboard in Resources */ = {isa = PBXBuildFile; fileRef = 117D10B01C32F5D60082295E /* Main.storyboard */; };
		117D10B41C32F5D60082295E /* Assets.xcassets in Resources */ = {isa = PBXBuildFile; fileRef = 117D10B31C32F5D60082295E /* Assets.xcassets */; };
		117D10B71C32F5D60082295E /* LaunchScreen.storyboard in Resources */ = {isa = PBXBuildFile; fileRef = 117D10B51C32F5D60082295E /* LaunchScreen.storyboard */; };
		11EC36311C33D4E100106F47 /* ParseManager.m in Sources */ = {isa = PBXBuildFile; fileRef = 11EC36301C33D4E100106F47 /* ParseManager.m */; };
		11EC36351C33D98600106F47 /* User.m in Sources */ = {isa = PBXBuildFile; fileRef = 11EC36341C33D98600106F47 /* User.m */; };
		11EC36381C33DA0E00106F47 /* Photo.m in Sources */ = {isa = PBXBuildFile; fileRef = 11EC36371C33DA0E00106F47 /* Photo.m */; };
		11EC36461C34263E00106F47 /* DetailViewController.m in Sources */ = {isa = PBXBuildFile; fileRef = 11EC36411C34263E00106F47 /* DetailViewController.m */; };
		11EC36471C34263E00106F47 /* MainViewController.m in Sources */ = {isa = PBXBuildFile; fileRef = 11EC36431C34263E00106F47 /* MainViewController.m */; };
		11EC36481C34263E00106F47 /* TableViewController.m in Sources */ = {isa = PBXBuildFile; fileRef = 11EC36451C34263E00106F47 /* TableViewController.m */; };
		9195E2FEBBD624EFEFA11125 /* libPods-MantleTest.a in Frameworks */ = {isa = PBXBuildFile; fileRef = 05D15232915EDEF5566270CD /* libPods-MantleTest.a */; };
/* End PBXBuildFile section */

/* Begin PBXFileReference section */
		05D15232915EDEF5566270CD /* libPods-MantleTest.a */ = {isa = PBXFileReference; explicitFileType = archive.ar; includeInIndex = 0; path = "libPods-MantleTest.a"; sourceTree = BUILT_PRODUCTS_DIR; };
		112364E61C3A643E00CE8F39 /* DetailView.h */ = {isa = PBXFileReference; fileEncoding = 4; lastKnownFileType = sourcecode.c.h; path = DetailView.h; sourceTree = "<group>"; };
		112364E71C3A643E00CE8F39 /* DetailView.m */ = {isa = PBXFileReference; fileEncoding = 4; lastKnownFileType = sourcecode.c.objc; path = DetailView.m; sourceTree = "<group>"; };
		117D10A41C32F5D60082295E /* MantleTest.app */ = {isa = PBXFileReference; explicitFileType = wrapper.application; includeInIndex = 0; path = MantleTest.app; sourceTree = BUILT_PRODUCTS_DIR; };
		117D10A81C32F5D60082295E /* main.m */ = {isa = PBXFileReference; lastKnownFileType = sourcecode.c.objc; path = main.m; sourceTree = "<group>"; };
		117D10AA1C32F5D60082295E /* AppDelegate.h */ = {isa = PBXFileReference; lastKnownFileType = sourcecode.c.h; path = AppDelegate.h; sourceTree = "<group>"; };
		117D10AB1C32F5D60082295E /* AppDelegate.m */ = {isa = PBXFileReference; lastKnownFileType = sourcecode.c.objc; path = AppDelegate.m; sourceTree = "<group>"; };
		117D10B11C32F5D60082295E /* Base */ = {isa = PBXFileReference; lastKnownFileType = file.storyboard; name = Base; path = Base.lproj/Main.storyboard; sourceTree = "<group>"; };
		117D10B31C32F5D60082295E /* Assets.xcassets */ = {isa = PBXFileReference; lastKnownFileType = folder.assetcatalog; path = Assets.xcassets; sourceTree = "<group>"; };
		117D10B61C32F5D60082295E /* Base */ = {isa = PBXFileReference; lastKnownFileType = file.storyboard; name = Base; path = Base.lproj/LaunchScreen.storyboard; sourceTree = "<group>"; };
		117D10B81C32F5D60082295E /* Info.plist */ = {isa = PBXFileReference; lastKnownFileType = text.plist.xml; path = Info.plist; sourceTree = "<group>"; };
		11EC362F1C33D4E100106F47 /* ParseManager.h */ = {isa = PBXFileReference; fileEncoding = 4; lastKnownFileType = sourcecode.c.h; name = ParseManager.h; path = Managers/ParseManager.h; sourceTree = "<group>"; };
		11EC36301C33D4E100106F47 /* ParseManager.m */ = {isa = PBXFileReference; fileEncoding = 4; lastKnownFileType = sourcecode.c.objc; name = ParseManager.m; path = Managers/ParseManager.m; sourceTree = "<group>"; };
		11EC36331C33D98600106F47 /* User.h */ = {isa = PBXFileReference; fileEncoding = 4; lastKnownFileType = sourcecode.c.h; name = User.h; path = Classes/User.h; sourceTree = "<group>"; };
		11EC36341C33D98600106F47 /* User.m */ = {isa = PBXFileReference; fileEncoding = 4; lastKnownFileType = sourcecode.c.objc; name = User.m; path = Classes/User.m; sourceTree = "<group>"; };
		11EC36361C33DA0E00106F47 /* Photo.h */ = {isa = PBXFileReference; fileEncoding = 4; lastKnownFileType = sourcecode.c.h; name = Photo.h; path = Classes/Photo.h; sourceTree = "<group>"; };
		11EC36371C33DA0E00106F47 /* Photo.m */ = {isa = PBXFileReference; fileEncoding = 4; lastKnownFileType = sourcecode.c.objc; name = Photo.m; path = Classes/Photo.m; sourceTree = "<group>"; };
		11EC36401C34263E00106F47 /* DetailViewController.h */ = {isa = PBXFileReference; fileEncoding = 4; lastKnownFileType = sourcecode.c.h; path = DetailViewController.h; sourceTree = "<group>"; };
		11EC36411C34263E00106F47 /* DetailViewController.m */ = {isa = PBXFileReference; fileEncoding = 4; lastKnownFileType = sourcecode.c.objc; path = DetailViewController.m; sourceTree = "<group>"; };
		11EC36421C34263E00106F47 /* MainViewController.h */ = {isa = PBXFileReference; fileEncoding = 4; lastKnownFileType = sourcecode.c.h; path = MainViewController.h; sourceTree = "<group>"; };
		11EC36431C34263E00106F47 /* MainViewController.m */ = {isa = PBXFileReference; fileEncoding = 4; lastKnownFileType = sourcecode.c.objc; path = MainViewController.m; sourceTree = "<group>"; };
		11EC36441C34263E00106F47 /* TableViewController.h */ = {isa = PBXFileReference; fileEncoding = 4; lastKnownFileType = sourcecode.c.h; path = TableViewController.h; sourceTree = "<group>"; };
		11EC36451C34263E00106F47 /* TableViewController.m */ = {isa = PBXFileReference; fileEncoding = 4; lastKnownFileType = sourcecode.c.objc; path = TableViewController.m; sourceTree = "<group>"; };
		12AA7D39CD516F6DE2AFD399 /* Pods-MantleTest.release.xcconfig */ = {isa = PBXFileReference; includeInIndex = 1; lastKnownFileType = text.xcconfig; name = "Pods-MantleTest.release.xcconfig"; path = "Pods/Target Support Files/Pods-MantleTest/Pods-MantleTest.release.xcconfig"; sourceTree = "<group>"; };
		B0CD30A27D8CB9D9FA4AC324 /* Pods-MantleTest.debug.xcconfig */ = {isa = PBXFileReference; includeInIndex = 1; lastKnownFileType = text.xcconfig; name = "Pods-MantleTest.debug.xcconfig"; path = "Pods/Target Support Files/Pods-MantleTest/Pods-MantleTest.debug.xcconfig"; sourceTree = "<group>"; };
/* End PBXFileReference section */

/* Begin PBXFrameworksBuildPhase section */
		117D10A11C32F5D60082295E /* Frameworks */ = {
			isa = PBXFrameworksBuildPhase;
			buildActionMask = 2147483647;
			files = (
				9195E2FEBBD624EFEFA11125 /* libPods-MantleTest.a in Frameworks */,
			);
			runOnlyForDeploymentPostprocessing = 0;
		};
/* End PBXFrameworksBuildPhase section */

/* Begin PBXGroup section */
		112364E51C3A641600CE8F39 /* DetailView */ = {
			isa = PBXGroup;
			children = (
				11EC36401C34263E00106F47 /* DetailViewController.h */,
				11EC36411C34263E00106F47 /* DetailViewController.m */,
				112364E61C3A643E00CE8F39 /* DetailView.h */,
				112364E71C3A643E00CE8F39 /* DetailView.m */,
			);
			name = DetailView;
			sourceTree = "<group>";
		};
		117D109B1C32F5D60082295E = {
			isa = PBXGroup;
			children = (
				117D10A61C32F5D60082295E /* MantleTest */,
				117D10A51C32F5D60082295E /* Products */,
				EB9F70B8A388402FAE62FDA3 /* Pods */,
				E7DD19E80B9C856AC649A782 /* Frameworks */,
			);
			sourceTree = "<group>";
		};
		117D10A51C32F5D60082295E /* Products */ = {
			isa = PBXGroup;
			children = (
				117D10A41C32F5D60082295E /* MantleTest.app */,
			);
			name = Products;
			sourceTree = "<group>";
		};
		117D10A61C32F5D60082295E /* MantleTest */ = {
			isa = PBXGroup;
			children = (
				11EC362E1C33D4B400106F47 /* Managers */,
				11EC36321C33D94600106F47 /* Classes */,
				11EC363F1C34263E00106F47 /* ViewControllers */,
				117D10AA1C32F5D60082295E /* AppDelegate.h */,
				117D10AB1C32F5D60082295E /* AppDelegate.m */,
				117D10B01C32F5D60082295E /* Main.storyboard */,
				117D10B31C32F5D60082295E /* Assets.xcassets */,
				117D10B51C32F5D60082295E /* LaunchScreen.storyboard */,
				117D10B81C32F5D60082295E /* Info.plist */,
				117D10A71C32F5D60082295E /* Supporting Files */,
			);
			path = MantleTest;
			sourceTree = "<group>";
		};
		117D10A71C32F5D60082295E /* Supporting Files */ = {
			isa = PBXGroup;
			children = (
				117D10A81C32F5D60082295E /* main.m */,
			);
			name = "Supporting Files";
			sourceTree = "<group>";
		};
		11EC362E1C33D4B400106F47 /* Managers */ = {
			isa = PBXGroup;
			children = (
				11EC362F1C33D4E100106F47 /* ParseManager.h */,
				11EC36301C33D4E100106F47 /* ParseManager.m */,
			);
			name = Managers;
			sourceTree = "<group>";
		};
		11EC36321C33D94600106F47 /* Classes */ = {
			isa = PBXGroup;
			children = (
				11EC36331C33D98600106F47 /* User.h */,
				11EC36341C33D98600106F47 /* User.m */,
				11EC36361C33DA0E00106F47 /* Photo.h */,
				11EC36371C33DA0E00106F47 /* Photo.m */,
			);
			name = Classes;
			sourceTree = "<group>";
		};
		11EC363F1C34263E00106F47 /* ViewControllers */ = {
			isa = PBXGroup;
			children = (
				112364E51C3A641600CE8F39 /* DetailView */,
				11EC36421C34263E00106F47 /* MainViewController.h */,
				11EC36431C34263E00106F47 /* MainViewController.m */,
				11EC36441C34263E00106F47 /* TableViewController.h */,
				11EC36451C34263E00106F47 /* TableViewController.m */,
			);
			path = ViewControllers;
			sourceTree = "<group>";
		};
		E7DD19E80B9C856AC649A782 /* Frameworks */ = {
			isa = PBXGroup;
			children = (
				05D15232915EDEF5566270CD /* libPods-MantleTest.a */,
			);
			name = Frameworks;
			sourceTree = "<group>";
		};
		EB9F70B8A388402FAE62FDA3 /* Pods */ = {
			isa = PBXGroup;
			children = (
				B0CD30A27D8CB9D9FA4AC324 /* Pods-MantleTest.debug.xcconfig */,
				12AA7D39CD516F6DE2AFD399 /* Pods-MantleTest.release.xcconfig */,
			);
			name = Pods;
			sourceTree = "<group>";
		};
/* End PBXGroup section */

/* Begin PBXNativeTarget section */
		117D10A31C32F5D60082295E /* MantleTest */ = {
			isa = PBXNativeTarget;
			buildConfigurationList = 117D10BB1C32F5D60082295E /* Build configuration list for PBXNativeTarget "MantleTest" */;
			buildPhases = (
				BF3DEFF248BA76EA21CAA684 /* Check Pods Manifest.lock */,
				117D10A01C32F5D60082295E /* Sources */,
				117D10A11C32F5D60082295E /* Frameworks */,
				117D10A21C32F5D60082295E /* Resources */,
				3C1A2641CC0C9166BA9B22A7 /* Embed Pods Frameworks */,
				EAB4D112953B745FF711EA1F /* Copy Pods Resources */,
			);
			buildRules = (
			);
			dependencies = (
			);
			name = MantleTest;
			productName = MantleTest;
			productReference = 117D10A41C32F5D60082295E /* MantleTest.app */;
			productType = "com.apple.product-type.application";
		};
/* End PBXNativeTarget section */

/* Begin PBXProject section */
		117D109C1C32F5D60082295E /* Project object */ = {
			isa = PBXProject;
			attributes = {
				LastUpgradeCheck = 0710;
				ORGANIZATIONNAME = iTechArt;
				TargetAttributes = {
					117D10A31C32F5D60082295E = {
						CreatedOnToolsVersion = 7.1.1;
					};
				};
			};
			buildConfigurationList = 117D109F1C32F5D60082295E /* Build configuration list for PBXProject "MantleTest" */;
			compatibilityVersion = "Xcode 3.2";
			developmentRegion = English;
			hasScannedForEncodings = 0;
			knownRegions = (
				en,
				Base,
			);
			mainGroup = 117D109B1C32F5D60082295E;
			productRefGroup = 117D10A51C32F5D60082295E /* Products */;
			projectDirPath = "";
			projectRoot = "";
			targets = (
				117D10A31C32F5D60082295E /* MantleTest */,
			);
		};
/* End PBXProject section */

/* Begin PBXResourcesBuildPhase section */
		117D10A21C32F5D60082295E /* Resources */ = {
			isa = PBXResourcesBuildPhase;
			buildActionMask = 2147483647;
			files = (
				117D10B71C32F5D60082295E /* LaunchScreen.storyboard in Resources */,
				117D10B41C32F5D60082295E /* Assets.xcassets in Resources */,
				117D10B21C32F5D60082295E /* Main.storyboard in Resources */,
			);
			runOnlyForDeploymentPostprocessing = 0;
		};
/* End PBXResourcesBuildPhase section */

/* Begin PBXShellScriptBuildPhase section */
		3C1A2641CC0C9166BA9B22A7 /* Embed Pods Frameworks */ = {
			isa = PBXShellScriptBuildPhase;
			buildActionMask = 2147483647;
			files = (
			);
			inputPaths = (
			);
			name = "Embed Pods Frameworks";
			outputPaths = (
			);
			runOnlyForDeploymentPostprocessing = 0;
			shellPath = /bin/sh;
			shellScript = "\"${SRCROOT}/Pods/Target Support Files/Pods-MantleTest/Pods-MantleTest-frameworks.sh\"\n";
			showEnvVarsInLog = 0;
		};
		BF3DEFF248BA76EA21CAA684 /* Check Pods Manifest.lock */ = {
			isa = PBXShellScriptBuildPhase;
			buildActionMask = 2147483647;
			files = (
			);
			inputPaths = (
			);
			name = "Check Pods Manifest.lock";
			outputPaths = (
			);
			runOnlyForDeploymentPostprocessing = 0;
			shellPath = /bin/sh;
			shellScript = "diff \"${PODS_ROOT}/../Podfile.lock\" \"${PODS_ROOT}/Manifest.lock\" > /dev/null\nif [[ $? != 0 ]] ; then\n    cat << EOM\nerror: The sandbox is not in sync with the Podfile.lock. Run 'pod install' or update your CocoaPods installation.\nEOM\n    exit 1\nfi\n";
			showEnvVarsInLog = 0;
		};
		EAB4D112953B745FF711EA1F /* Copy Pods Resources */ = {
			isa = PBXShellScriptBuildPhase;
			buildActionMask = 2147483647;
			files = (
			);
			inputPaths = (
			);
			name = "Copy Pods Resources";
			outputPaths = (
			);
			runOnlyForDeploymentPostprocessing = 0;
			shellPath = /bin/sh;
			shellScript = "\"${SRCROOT}/Pods/Target Support Files/Pods-MantleTest/Pods-MantleTest-resources.sh\"\n";
			showEnvVarsInLog = 0;
		};
/* End PBXShellScriptBuildPhase section */

/* Begin PBXSourcesBuildPhase section */
		117D10A01C32F5D60082295E /* Sources */ = {
			isa = PBXSourcesBuildPhase;
			buildActionMask = 2147483647;
			files = (
				11EC36381C33DA0E00106F47 /* Photo.m in Sources */,
				11EC36351C33D98600106F47 /* User.m in Sources */,
				112364E81C3A643E00CE8F39 /* DetailView.m in Sources */,
				117D10AC1C32F5D60082295E /* AppDelegate.m in Sources */,
				117D10A91C32F5D60082295E /* main.m in Sources */,
				11EC36471C34263E00106F47 /* MainViewController.m in Sources */,
				11EC36311C33D4E100106F47 /* ParseManager.m in Sources */,
				11EC36461C34263E00106F47 /* DetailViewController.m in Sources */,
				11EC36481C34263E00106F47 /* TableViewController.m in Sources */,
			);
			runOnlyForDeploymentPostprocessing = 0;
		};
/* End PBXSourcesBuildPhase section */

/* Begin PBXVariantGroup section */
		117D10B01C32F5D60082295E /* Main.storyboard */ = {
			isa = PBXVariantGroup;
			children = (
				117D10B11C32F5D60082295E /* Base */,
			);
			name = Main.storyboard;
			sourceTree = "<group>";
		};
		117D10B51C32F5D60082295E /* LaunchScreen.storyboard */ = {
			isa = PBXVariantGroup;
			children = (
				117D10B61C32F5D60082295E /* Base */,
			);
			name = LaunchScreen.storyboard;
			sourceTree = "<group>";
		};
/* End PBXVariantGroup section */

/* Begin XCBuildConfiguration section */
		117D10B91C32F5D60082295E /* Debug */ = {
			isa = XCBuildConfiguration;
			buildSettings = {
				ALWAYS_SEARCH_USER_PATHS = NO;
				CLANG_CXX_LANGUAGE_STANDARD = "gnu++0x";
				CLANG_CXX_LIBRARY = "libc++";
				CLANG_ENABLE_MODULES = YES;
				CLANG_ENABLE_OBJC_ARC = YES;
				CLANG_WARN_BOOL_CONVERSION = YES;
				CLANG_WARN_CONSTANT_CONVERSION = YES;
				CLANG_WARN_DIRECT_OBJC_ISA_USAGE = YES_ERROR;
				CLANG_WARN_EMPTY_BODY = YES;
				CLANG_WARN_ENUM_CONVERSION = YES;
				CLANG_WARN_INT_CONVERSION = YES;
				CLANG_WARN_OBJC_ROOT_CLASS = YES_ERROR;
				CLANG_WARN_UNREACHABLE_CODE = YES;
				CLANG_WARN__DUPLICATE_METHOD_MATCH = YES;
				"CODE_SIGN_IDENTITY[sdk=iphoneos*]" = "iPhone Developer";
				COPY_PHASE_STRIP = NO;
				DEBUG_INFORMATION_FORMAT = dwarf;
				ENABLE_STRICT_OBJC_MSGSEND = YES;
				ENABLE_TESTABILITY = YES;
				GCC_C_LANGUAGE_STANDARD = gnu99;
				GCC_DYNAMIC_NO_PIC = NO;
				GCC_NO_COMMON_BLOCKS = YES;
				GCC_OPTIMIZATION_LEVEL = 0;
				GCC_PREPROCESSOR_DEFINITIONS = (
					"DEBUG=1",
					"$(inherited)",
				);
				GCC_WARN_64_TO_32_BIT_CONVERSION = YES;
				GCC_WARN_ABOUT_RETURN_TYPE = YES_ERROR;
				GCC_WARN_UNDECLARED_SELECTOR = YES;
				GCC_WARN_UNINITIALIZED_AUTOS = YES_AGGRESSIVE;
				GCC_WARN_UNUSED_FUNCTION = YES;
				GCC_WARN_UNUSED_VARIABLE = YES;
				IPHONEOS_DEPLOYMENT_TARGET = 9.1;
				MTL_ENABLE_DEBUG_INFO = YES;
				ONLY_ACTIVE_ARCH = YES;
				SDKROOT = iphoneos;
				TARGETED_DEVICE_FAMILY = "1,2";
			};
			name = Debug;
		};
		117D10BA1C32F5D60082295E /* Release */ = {
			isa = XCBuildConfiguration;
			buildSettings = {
				ALWAYS_SEARCH_USER_PATHS = NO;
				CLANG_CXX_LANGUAGE_STANDARD = "gnu++0x";
				CLANG_CXX_LIBRARY = "libc++";
				CLANG_ENABLE_MODULES = YES;
				CLANG_ENABLE_OBJC_ARC = YES;
				CLANG_WARN_BOOL_CONVERSION = YES;
				CLANG_WARN_CONSTANT_CONVERSION = YES;
				CLANG_WARN_DIRECT_OBJC_ISA_USAGE = YES_ERROR;
				CLANG_WARN_EMPTY_BODY = YES;
				CLANG_WARN_ENUM_CONVERSION = YES;
				CLANG_WARN_INT_CONVERSION = YES;
				CLANG_WARN_OBJC_ROOT_CLASS = YES_ERROR;
				CLANG_WARN_UNREACHABLE_CODE = YES;
				CLANG_WARN__DUPLICATE_METHOD_MATCH = YES;
				"CODE_SIGN_IDENTITY[sdk=iphoneos*]" = "iPhone Developer";
				COPY_PHASE_STRIP = NO;
				DEBUG_INFORMATION_FORMAT = "dwarf-with-dsym";
				ENABLE_NS_ASSERTIONS = NO;
				ENABLE_STRICT_OBJC_MSGSEND = YES;
				GCC_C_LANGUAGE_STANDARD = gnu99;
				GCC_NO_COMMON_BLOCKS = YES;
				GCC_WARN_64_TO_32_BIT_CONVERSION = YES;
				GCC_WARN_ABOUT_RETURN_TYPE = YES_ERROR;
				GCC_WARN_UNDECLARED_SELECTOR = YES;
				GCC_WARN_UNINITIALIZED_AUTOS = YES_AGGRESSIVE;
				GCC_WARN_UNUSED_FUNCTION = YES;
				GCC_WARN_UNUSED_VARIABLE = YES;
				IPHONEOS_DEPLOYMENT_TARGET = 9.1;
				MTL_ENABLE_DEBUG_INFO = NO;
				SDKROOT = iphoneos;
				TARGETED_DEVICE_FAMILY = "1,2";
				VALIDATE_PRODUCT = YES;
			};
			name = Release;
		};
		117D10BC1C32F5D60082295E /* Debug */ = {
			isa = XCBuildConfiguration;
			baseConfigurationReference = B0CD30A27D8CB9D9FA4AC324 /* Pods-MantleTest.debug.xcconfig */;
			buildSettings = {
				ASSETCATALOG_COMPILER_APPICON_NAME = AppIcon;
				INFOPLIST_FILE = MantleTest/Info.plist;
				LD_RUNPATH_SEARCH_PATHS = "$(inherited) @executable_path/Frameworks";
				PRODUCT_BUNDLE_IDENTIFIER = com.itechart.MantleTest;
				PRODUCT_NAME = "$(TARGET_NAME)";
			};
			name = Debug;
		};
		117D10BD1C32F5D60082295E /* Release */ = {
			isa = XCBuildConfiguration;
			baseConfigurationReference = 12AA7D39CD516F6DE2AFD399 /* Pods-MantleTest.release.xcconfig */;
			buildSettings = {
				ASSETCATALOG_COMPILER_APPICON_NAME = AppIcon;
				INFOPLIST_FILE = MantleTest/Info.plist;
				LD_RUNPATH_SEARCH_PATHS = "$(inherited) @executable_path/Frameworks";
				PRODUCT_BUNDLE_IDENTIFIER = com.itechart.MantleTest;
				PRODUCT_NAME = "$(TARGET_NAME)";
			};
			name = Release;
		};
/* End XCBuildConfiguration section */

/* Begin XCConfigurationList section */
		117D109F1C32F5D60082295E /* Build configuration list for PBXProject "MantleTest" */ = {
			isa = XCConfigurationList;
			buildConfigurations = (
				117D10B91C32F5D60082295E /* Debug */,
				117D10BA1C32F5D60082295E /* Release */,
			);
			defaultConfigurationIsVisible = 0;
			defaultConfigurationName = Release;
		};
		117D10BB1C32F5D60082295E /* Build configuration list for PBXNativeTarget "MantleTest" */ = {
			isa = XCConfigurationList;
			buildConfigurations = (
				117D10BC1C32F5D60082295E /* Debug */,
				117D10BD1C32F5D60082295E /* Release */,
			);
			defaultConfigurationIsVisible = 0;
			defaultConfigurationName = Release;
		};
/* End XCConfigurationList section */
	};
	rootObject = 117D109C1C32F5D60082295E /* Project object */;
}
